// !$*UTF8*$!
{
	archiveVersion = 1;
	classes = {
	};
	objectVersion = 46;
	objects = {

/* Begin PBXBuildFile section */
		D2C6A1F61A8FD9E900CAA80C /* main.cpp in Sources */ = {isa = PBXBuildFile; fileRef = D2C6A1E81A8FD9E900CAA80C /* main.cpp */; };
		D2C6A1F71A8FD9E900CAA80C /* notimplementedexception.cpp in Sources */ = {isa = PBXBuildFile; fileRef = D2C6A1E91A8FD9E900CAA80C /* notimplementedexception.cpp */; };
		D2C6A1F81A8FD9E900CAA80C /* xinputsimulator.cpp in Sources */ = {isa = PBXBuildFile; fileRef = D2C6A1EB1A8FD9E900CAA80C /* xinputsimulator.cpp */; };
		D2C6A1F91A8FD9E900CAA80C /* xinputsimulatorimpl.cpp in Sources */ = {isa = PBXBuildFile; fileRef = D2C6A1EE1A8FD9E900CAA80C /* xinputsimulatorimpl.cpp */; };
		D2C6A1FA1A8FD9E900CAA80C /* xinputsimulatorimpllinux.cpp in Sources */ = {isa = PBXBuildFile; fileRef = D2C6A1F01A8FD9E900CAA80C /* xinputsimulatorimpllinux.cpp */; };
		D2C6A1FB1A8FD9E900CAA80C /* xinputsimulatorimplmacos.cpp in Sources */ = {isa = PBXBuildFile; fileRef = D2C6A1F21A8FD9E900CAA80C /* xinputsimulatorimplmacos.cpp */; };
		D2C6A1FC1A8FD9E900CAA80C /* xinputsimulatorimplwin.cpp in Sources */ = {isa = PBXBuildFile; fileRef = D2C6A1F41A8FD9E900CAA80C /* xinputsimulatorimplwin.cpp */; };
		D2C6A1FE1A8FDBF400CAA80C /* ApplicationServices.framework in Frameworks */ = {isa = PBXBuildFile; fileRef = D2C6A1FD1A8FDBF400CAA80C /* ApplicationServices.framework */; };
		D2C6A2001A8FF30700CAA80C /* Carbon.framework in Frameworks */ = {isa = PBXBuildFile; fileRef = D2C6A1FF1A8FF30700CAA80C /* Carbon.framework */; };
		D2C6A2021A8FF33300CAA80C /* CoreFoundation.framework in Frameworks */ = {isa = PBXBuildFile; fileRef = D2C6A2011A8FF33300CAA80C /* CoreFoundation.framework */; };
/* End PBXBuildFile section */

/* Begin PBXCopyFilesBuildPhase section */
		D2C6A1D81A8FD8CF00CAA80C /* CopyFiles */ = {
			isa = PBXCopyFilesBuildPhase;
			buildActionMask = 2147483647;
			dstPath = /usr/share/man/man1/;
			dstSubfolderSpec = 0;
			files = (
			);
			runOnlyForDeploymentPostprocessing = 1;
		};
/* End PBXCopyFilesBuildPhase section */

/* Begin PBXFileReference section */
		D2C6A1DA1A8FD8CF00CAA80C /* XInputSimulator */ = {isa = PBXFileReference; explicitFileType = "compiled.mach-o.executable"; includeInIndex = 0; path = XInputSimulator; sourceTree = BUILT_PRODUCTS_DIR; };
		D2C6A1E61A8FD9E900CAA80C /* COPYING */ = {isa = PBXFileReference; fileEncoding = 4; lastKnownFileType = text; path = COPYING; sourceTree = "<group>"; };
		D2C6A1E71A8FD9E900CAA80C /* COPYING.LESSER */ = {isa = PBXFileReference; fileEncoding = 4; lastKnownFileType = text; path = COPYING.LESSER; sourceTree = "<group>"; };
		D2C6A1E81A8FD9E900CAA80C /* main.cpp */ = {isa = PBXFileReference; fileEncoding = 4; lastKnownFileType = sourcecode.cpp.cpp; path = main.cpp; sourceTree = "<group>"; };
		D2C6A1E91A8FD9E900CAA80C /* notimplementedexception.cpp */ = {isa = PBXFileReference; fileEncoding = 4; lastKnownFileType = sourcecode.cpp.cpp; path = notimplementedexception.cpp; sourceTree = "<group>"; };
		D2C6A1EA1A8FD9E900CAA80C /* notimplementedexception.h */ = {isa = PBXFileReference; fileEncoding = 4; lastKnownFileType = sourcecode.c.h; path = notimplementedexception.h; sourceTree = "<group>"; };
		D2C6A1EB1A8FD9E900CAA80C /* xinputsimulator.cpp */ = {isa = PBXFileReference; fileEncoding = 4; lastKnownFileType = sourcecode.cpp.cpp; path = xinputsimulator.cpp; sourceTree = "<group>"; };
		D2C6A1EC1A8FD9E900CAA80C /* xinputsimulator.h */ = {isa = PBXFileReference; fileEncoding = 4; lastKnownFileType = sourcecode.c.h; path = xinputsimulator.h; sourceTree = "<group>"; };
		D2C6A1ED1A8FD9E900CAA80C /* XInputSimulator.pro */ = {isa = PBXFileReference; fileEncoding = 4; lastKnownFileType = text; path = XInputSimulator.pro; sourceTree = "<group>"; };
		D2C6A1EE1A8FD9E900CAA80C /* xinputsimulatorimpl.cpp */ = {isa = PBXFileReference; fileEncoding = 4; lastKnownFileType = sourcecode.cpp.cpp; path = xinputsimulatorimpl.cpp; sourceTree = "<group>"; };
		D2C6A1EF1A8FD9E900CAA80C /* xinputsimulatorimpl.h */ = {isa = PBXFileReference; fileEncoding = 4; lastKnownFileType = sourcecode.c.h; path = xinputsimulatorimpl.h; sourceTree = "<group>"; };
		D2C6A1F01A8FD9E900CAA80C /* xinputsimulatorimpllinux.cpp */ = {isa = PBXFileReference; fileEncoding = 4; lastKnownFileType = sourcecode.cpp.cpp; path = xinputsimulatorimpllinux.cpp; sourceTree = "<group>"; };
		D2C6A1F11A8FD9E900CAA80C /* xinputsimulatorimpllinux.h */ = {isa = PBXFileReference; fileEncoding = 4; lastKnownFileType = sourcecode.c.h; path = xinputsimulatorimpllinux.h; sourceTree = "<group>"; };
		D2C6A1F21A8FD9E900CAA80C /* xinputsimulatorimplmacos.cpp */ = {isa = PBXFileReference; fileEncoding = 4; lastKnownFileType = sourcecode.cpp.cpp; path = xinputsimulatorimplmacos.cpp; sourceTree = "<group>"; };
		D2C6A1F31A8FD9E900CAA80C /* xinputsimulatorimplmacos.h */ = {isa = PBXFileReference; fileEncoding = 4; lastKnownFileType = sourcecode.c.h; path = xinputsimulatorimplmacos.h; sourceTree = "<group>"; };
		D2C6A1F41A8FD9E900CAA80C /* xinputsimulatorimplwin.cpp */ = {isa = PBXFileReference; fileEncoding = 4; lastKnownFileType = sourcecode.cpp.cpp; path = xinputsimulatorimplwin.cpp; sourceTree = "<group>"; };
		D2C6A1F51A8FD9E900CAA80C /* xinputsimulatorimplwin.h */ = {isa = PBXFileReference; fileEncoding = 4; lastKnownFileType = sourcecode.c.h; path = xinputsimulatorimplwin.h; sourceTree = "<group>"; };
		D2C6A1FD1A8FDBF400CAA80C /* ApplicationServices.framework */ = {isa = PBXFileReference; lastKnownFileType = wrapper.framework; name = ApplicationServices.framework; path = System/Library/Frameworks/ApplicationServices.framework; sourceTree = SDKROOT; };
		D2C6A1FF1A8FF30700CAA80C /* Carbon.framework */ = {isa = PBXFileReference; lastKnownFileType = wrapper.framework; name = Carbon.framework; path = System/Library/Frameworks/Carbon.framework; sourceTree = SDKROOT; };
		D2C6A2011A8FF33300CAA80C /* CoreFoundation.framework */ = {isa = PBXFileReference; lastKnownFileType = wrapper.framework; name = CoreFoundation.framework; path = System/Library/Frameworks/CoreFoundation.framework; sourceTree = SDKROOT; };
/* End PBXFileReference section */

/* Begin PBXFrameworksBuildPhase section */
		D2C6A1D71A8FD8CF00CAA80C /* Frameworks */ = {
			isa = PBXFrameworksBuildPhase;
			buildActionMask = 2147483647;
			files = (
				D2C6A2021A8FF33300CAA80C /* CoreFoundation.framework in Frameworks */,
				D2C6A2001A8FF30700CAA80C /* Carbon.framework in Frameworks */,
				D2C6A1FE1A8FDBF400CAA80C /* ApplicationServices.framework in Frameworks */,
			);
			runOnlyForDeploymentPostprocessing = 0;
		};
/* End PBXFrameworksBuildPhase section */

/* Begin PBXGroup section */
		D2C6A1D11A8FD8CF00CAA80C = {
			isa = PBXGroup;
			children = (
				D2C6A2011A8FF33300CAA80C /* CoreFoundation.framework */,
				D2C6A1FF1A8FF30700CAA80C /* Carbon.framework */,
				D2C6A1FD1A8FDBF400CAA80C /* ApplicationServices.framework */,
				D2C6A1E61A8FD9E900CAA80C /* COPYING */,
				D2C6A1E71A8FD9E900CAA80C /* COPYING.LESSER */,
				D2C6A1E81A8FD9E900CAA80C /* main.cpp */,
				D2C6A1E91A8FD9E900CAA80C /* notimplementedexception.cpp */,
				D2C6A1EA1A8FD9E900CAA80C /* notimplementedexception.h */,
				D2C6A1EB1A8FD9E900CAA80C /* xinputsimulator.cpp */,
				D2C6A1EC1A8FD9E900CAA80C /* xinputsimulator.h */,
				D2C6A1ED1A8FD9E900CAA80C /* XInputSimulator.pro */,
				D2C6A1EE1A8FD9E900CAA80C /* xinputsimulatorimpl.cpp */,
				D2C6A1EF1A8FD9E900CAA80C /* xinputsimulatorimpl.h */,
				D2C6A1F01A8FD9E900CAA80C /* xinputsimulatorimpllinux.cpp */,
				D2C6A1F11A8FD9E900CAA80C /* xinputsimulatorimpllinux.h */,
				D2C6A1F21A8FD9E900CAA80C /* xinputsimulatorimplmacos.cpp */,
				D2C6A1F31A8FD9E900CAA80C /* xinputsimulatorimplmacos.h */,
				D2C6A1F41A8FD9E900CAA80C /* xinputsimulatorimplwin.cpp */,
				D2C6A1F51A8FD9E900CAA80C /* xinputsimulatorimplwin.h */,
				D2C6A1DC1A8FD8CF00CAA80C /* XInputSimulator */,
				D2C6A1DB1A8FD8CF00CAA80C /* Products */,
			);
			sourceTree = "<group>";
		};
		D2C6A1DB1A8FD8CF00CAA80C /* Products */ = {
			isa = PBXGroup;
			children = (
				D2C6A1DA1A8FD8CF00CAA80C /* XInputSimulator */,
			);
			name = Products;
			sourceTree = "<group>";
		};
		D2C6A1DC1A8FD8CF00CAA80C /* XInputSimulator */ = {
			isa = PBXGroup;
			children = (
			);
			path = XInputSimulator;
			sourceTree = "<group>";
		};
/* End PBXGroup section */

/* Begin PBXNativeTarget section */
		D2C6A1D91A8FD8CF00CAA80C /* XInputSimulator */ = {
			isa = PBXNativeTarget;
			buildConfigurationList = D2C6A1E11A8FD8CF00CAA80C /* Build configuration list for PBXNativeTarget "XInputSimulator" */;
			buildPhases = (
				D2C6A1D61A8FD8CF00CAA80C /* Sources */,
				D2C6A1D71A8FD8CF00CAA80C /* Frameworks */,
				D2C6A1D81A8FD8CF00CAA80C /* CopyFiles */,
			);
			buildRules = (
			);
			dependencies = (
			);
			name = XInputSimulator;
			productName = XInputSimulator;
			productReference = D2C6A1DA1A8FD8CF00CAA80C /* XInputSimulator */;
			productType = "com.apple.product-type.tool";
		};
/* End PBXNativeTarget section */

/* Begin PBXProject section */
		D2C6A1D21A8FD8CF00CAA80C /* Project object */ = {
			isa = PBXProject;
			attributes = {
				LastUpgradeCheck = 0610;
				ORGANIZATIONNAME = "Peter Mueller inc.";
				TargetAttributes = {
					D2C6A1D91A8FD8CF00CAA80C = {
						CreatedOnToolsVersion = 6.1.1;
					};
				};
			};
			buildConfigurationList = D2C6A1D51A8FD8CF00CAA80C /* Build configuration list for PBXProject "XInputSimulator" */;
			compatibilityVersion = "Xcode 3.2";
			developmentRegion = English;
			hasScannedForEncodings = 0;
			knownRegions = (
				en,
			);
			mainGroup = D2C6A1D11A8FD8CF00CAA80C;
			productRefGroup = D2C6A1DB1A8FD8CF00CAA80C /* Products */;
			projectDirPath = "";
			projectRoot = "";
			targets = (
				D2C6A1D91A8FD8CF00CAA80C /* XInputSimulator */,
			);
		};
/* End PBXProject section */

/* Begin PBXSourcesBuildPhase section */
		D2C6A1D61A8FD8CF00CAA80C /* Sources */ = {
			isa = PBXSourcesBuildPhase;
			buildActionMask = 2147483647;
			files = (
				D2C6A1FB1A8FD9E900CAA80C /* xinputsimulatorimplmacos.cpp in Sources */,
				D2C6A1F81A8FD9E900CAA80C /* xinputsimulator.cpp in Sources */,
				D2C6A1F71A8FD9E900CAA80C /* notimplementedexception.cpp in Sources */,
				D2C6A1F91A8FD9E900CAA80C /* xinputsimulatorimpl.cpp in Sources */,
				D2C6A1FA1A8FD9E900CAA80C /* xinputsimulatorimpllinux.cpp in Sources */,
				D2C6A1FC1A8FD9E900CAA80C /* xinputsimulatorimplwin.cpp in Sources */,
				D2C6A1F61A8FD9E900CAA80C /* main.cpp in Sources */,
			);
			runOnlyForDeploymentPostprocessing = 0;
		};
/* End PBXSourcesBuildPhase section */

/* Begin XCBuildConfiguration section */
		D2C6A1DF1A8FD8CF00CAA80C /* Debug */ = {
			isa = XCBuildConfiguration;
			buildSettings = {
				ALWAYS_SEARCH_USER_PATHS = NO;
				CLANG_CXX_LANGUAGE_STANDARD = "gnu++0x";
				CLANG_CXX_LIBRARY = "libc++";
				CLANG_ENABLE_MODULES = YES;
				CLANG_ENABLE_OBJC_ARC = YES;
				CLANG_WARN_BOOL_CONVERSION = YES;
				CLANG_WARN_CONSTANT_CONVERSION = YES;
				CLANG_WARN_DIRECT_OBJC_ISA_USAGE = YES_ERROR;
				CLANG_WARN_EMPTY_BODY = YES;
				CLANG_WARN_ENUM_CONVERSION = YES;
				CLANG_WARN_INT_CONVERSION = YES;
				CLANG_WARN_OBJC_ROOT_CLASS = YES_ERROR;
				CLANG_WARN_UNREACHABLE_CODE = YES;
				CLANG_WARN__DUPLICATE_METHOD_MATCH = YES;
				COPY_PHASE_STRIP = NO;
				ENABLE_STRICT_OBJC_MSGSEND = YES;
				GCC_C_LANGUAGE_STANDARD = gnu99;
				GCC_DYNAMIC_NO_PIC = NO;
				GCC_OPTIMIZATION_LEVEL = 0;
				GCC_PREPROCESSOR_DEFINITIONS = (
					"DEBUG=1",
					"$(inherited)",
				);
				GCC_SYMBOLS_PRIVATE_EXTERN = NO;
				GCC_WARN_64_TO_32_BIT_CONVERSION = YES;
				GCC_WARN_ABOUT_RETURN_TYPE = YES_ERROR;
				GCC_WARN_UNDECLARED_SELECTOR = YES;
				GCC_WARN_UNINITIALIZED_AUTOS = YES_AGGRESSIVE;
				GCC_WARN_UNUSED_FUNCTION = YES;
				GCC_WARN_UNUSED_VARIABLE = YES;
				MACOSX_DEPLOYMENT_TARGET = 10.10;
				MTL_ENABLE_DEBUG_INFO = YES;
				ONLY_ACTIVE_ARCH = YES;
				SDKROOT = macosx;
			};
			name = Debug;
		};
		D2C6A1E01A8FD8CF00CAA80C /* Release */ = {
			isa = XCBuildConfiguration;
			buildSettings = {
				ALWAYS_SEARCH_USER_PATHS = NO;
				CLANG_CXX_LANGUAGE_STANDARD = "gnu++0x";
				CLANG_CXX_LIBRARY = "libc++";
				CLANG_ENABLE_MODULES = YES;
				CLANG_ENABLE_OBJC_ARC = YES;
				CLANG_WARN_BOOL_CONVERSION = YES;
				CLANG_WARN_CONSTANT_CONVERSION = YES;
				CLANG_WARN_DIRECT_OBJC_ISA_USAGE = YES_ERROR;
				CLANG_WARN_EMPTY_BODY = YES;
				CLANG_WARN_ENUM_CONVERSION = YES;
				CLANG_WARN_INT_CONVERSION = YES;
				CLANG_WARN_OBJC_ROOT_CLASS = YES_ERROR;
				CLANG_WARN_UNREACHABLE_CODE = YES;
				CLANG_WARN__DUPLICATE_METHOD_MATCH = YES;
				COPY_PHASE_STRIP = YES;
				DEBUG_INFORMATION_FORMAT = "dwarf-with-dsym";
				ENABLE_NS_ASSERTIONS = NO;
				ENABLE_STRICT_OBJC_MSGSEND = YES;
				GCC_C_LANGUAGE_STANDARD = gnu99;
				GCC_WARN_64_TO_32_BIT_CONVERSION = YES;
				GCC_WARN_ABOUT_RETURN_TYPE = YES_ERROR;
				GCC_WARN_UNDECLARED_SELECTOR = YES;
				GCC_WARN_UNINITIALIZED_AUTOS = YES_AGGRESSIVE;
				GCC_WARN_UNUSED_FUNCTION = YES;
				GCC_WARN_UNUSED_VARIABLE = YES;
				MACOSX_DEPLOYMENT_TARGET = 10.10;
				MTL_ENABLE_DEBUG_INFO = NO;
				SDKROOT = macosx;
			};
			name = Release;
		};
		D2C6A1E21A8FD8CF00CAA80C /* Debug */ = {
			isa = XCBuildConfiguration;
			buildSettings = {
				PRODUCT_NAME = "$(TARGET_NAME)";
			};
			name = Debug;
		};
		D2C6A1E31A8FD8CF00CAA80C /* Release */ = {
			isa = XCBuildConfiguration;
			buildSettings = {
				PRODUCT_NAME = "$(TARGET_NAME)";
			};
			name = Release;
		};
/* End XCBuildConfiguration section */

/* Begin XCConfigurationList section */
		D2C6A1D51A8FD8CF00CAA80C /* Build configuration list for PBXProject "XInputSimulator" */ = {
			isa = XCConfigurationList;
			buildConfigurations = (
				D2C6A1DF1A8FD8CF00CAA80C /* Debug */,
				D2C6A1E01A8FD8CF00CAA80C /* Release */,
			);
			defaultConfigurationIsVisible = 0;
			defaultConfigurationName = Release;
		};
		D2C6A1E11A8FD8CF00CAA80C /* Build configuration list for PBXNativeTarget "XInputSimulator" */ = {
			isa = XCConfigurationList;
			buildConfigurations = (
				D2C6A1E21A8FD8CF00CAA80C /* Debug */,
				D2C6A1E31A8FD8CF00CAA80C /* Release */,
			);
			defaultConfigurationIsVisible = 0;
		};
/* End XCConfigurationList section */
	};
	rootObject = D2C6A1D21A8FD8CF00CAA80C /* Project object */;
}
